Microsoft Visual Studio Solution File, Format Version 12.00
# Visual Studio Version 17
VisualStudioVersion = 17.5.2.0
MinimumVisualStudioVersion = 10.0.40219.1
Project("{FAE04EC0-301F-11D3-BF4B-00C04F79EFBC}") = "OctoBridge.Api", "OctoBridge.Api\OctoBridge.Api.csproj", "{AFD336F0-F33F-87FD-FD5D-C18A43437D78}"
EndProject
Project("{FAE04EC0-301F-11D3-BF4B-00C04F79EFBC}") = "OctoBridge.Application", "OctoBridge.Application\OctoBridge.Application.csproj", "{E5321BEC-6CC8-EC13-1795-0F3E5BAFD992}"
EndProject
Project("{FAE04EC0-301F-11D3-BF4B-00C04F79EFBC}") = "OctoBridge.Domain", "OctoBridge.Domain\OctoBridge.Domain.csproj", "{8E23EF68-59D0-AF4E-9368-9C919E71C3B9}"
EndProject
Project("{FAE04EC0-301F-11D3-BF4B-00C04F79EFBC}") = "OctoBridge.Infrastructure", "OctoBridge.Infrastructure\OctoBridge.Infrastructure.csproj", "{EEC80A0D-BC15-4C5F-97CE-EFB2445BAFDA}"
EndProject
Global
	GlobalSection(SolutionConfigurationPlatforms) = preSolution
		Debug|Any CPU = Debug|Any CPU
		Release|Any CPU = Release|Any CPU
	EndGlobalSection
	GlobalSection(ProjectConfigurationPlatforms) = postSolution
		{AFD336F0-F33F-87FD-FD5D-C18A43437D78}.Debug|Any CPU.ActiveCfg = Debug|Any CPU
		{AFD336F0-F33F-87FD-FD5D-C18A43437D78}.Debug|Any CPU.Build.0 = Debug|Any CPU
		{AFD336F0-F33F-87FD-FD5D-C18A43437D78}.Release|Any CPU.ActiveCfg = Release|Any CPU
		{AFD336F0-F33F-87FD-FD5D-C18A43437D78}.Release|Any CPU.Build.0 = Release|Any CPU
		{E5321BEC-6CC8-EC13-1795-0F3E5BAFD992}.Debug|Any CPU.ActiveCfg = Debug|Any CPU
		{E5321BEC-6CC8-EC13-1795-0F3E5BAFD992}.Debug|Any CPU.Build.0 = Debug|Any CPU
		{E5321BEC-6CC8-EC13-1795-0F3E5BAFD992}.Release|Any CPU.ActiveCfg = Release|Any CPU
		{E5321BEC-6CC8-EC13-1795-0F3E5BAFD992}.Release|Any CPU.Build.0 = Release|Any CPU
		{8E23EF68-59D0-AF4E-9368-9C919E71C3B9}.Debug|Any CPU.ActiveCfg = Debug|Any CPU
		{8E23EF68-59D0-AF4E-9368-9C919E71C3B9}.Debug|Any CPU.Build.0 = Debug|Any CPU
		{8E23EF68-59D0-AF4E-9368-9C919E71C3B9}.Release|Any CPU.ActiveCfg = Release|Any CPU
		{8E23EF68-59D0-AF4E-9368-9C919E71C3B9}.Release|Any CPU.Build.0 = Release|Any CPU
		{EEC80A0D-BC15-4C5F-97CE-EFB2445BAFDA}.Debug|Any CPU.ActiveCfg = Debug|Any CPU
		{EEC80A0D-BC15-4C5F-97CE-EFB2445BAFDA}.Debug|Any CPU.Build.0 = Debug|Any CPU
		{EEC80A0D-BC15-4C5F-97CE-EFB2445BAFDA}.Release|Any CPU.ActiveCfg = Release|Any CPU
		{EEC80A0D-BC15-4C5F-97CE-EFB2445BAFDA}.Release|Any CPU.Build.0 = Release|Any CPU
	EndGlobalSection
	GlobalSection(SolutionProperties) = preSolution
		HideSolutionNode = FALSE
	EndGlobalSection
	GlobalSection(ExtensibilityGlobals) = postSolution
		SolutionGuid = {90ADE018-CB85-4D8A-AEAC-49A9E343E101}
	EndGlobalSection
EndGlobal
